
Microsoft Visual Studio Solution File, Format Version 11.00
# Visual Studio 2010
Project("{FAE04EC0-301F-11D3-BF4B-00C04F79EFBC}") = "HtmlSyntaxHighlighter", "HtmlSyntaxHighlighter.csproj", "{21ABD3A9-7122-44AB-8370-48A1DDA9E985}"
EndProject
Global
	GlobalSection(SolutionConfigurationPlatforms) = preSolution
		Debug|Any CPU = Debug|Any CPU
		Release|Any CPU = Release|Any CPU
	EndGlobalSection
	GlobalSection(ProjectConfigurationPlatforms) = postSolution
		{21ABD3A9-7122-44AB-8370-48A1DDA9E985}.Debug|Any CPU.ActiveCfg = Debug|Any CPU
		{21ABD3A9-7122-44AB-8370-48A1DDA9E985}.Debug|Any CPU.Build.0 = Debug|Any CPU
		{21ABD3A9-7122-44AB-8370-48A1DDA9E985}.Release|Any CPU.ActiveCfg = Release|Any CPU
		{21ABD3A9-7122-44AB-8370-48A1DDA9E985}.Release|Any CPU.Build.0 = Release|Any CPU
	EndGlobalSection
	GlobalSection(SolutionProperties) = preSolution
		HideSolutionNode = FALSE
	EndGlobalSection
EndGlobal
